version: 7
platforms:
- name: linux-64
  virtual-packages:
  - __unix=0=0
  - __linux=4.18
  - __glibc=2.28
  - __archspec=0=x86_64
- name: linux-aarch64
  virtual-packages:
  - __unix=0=0
  - __linux=4.18
  - __glibc=2.28
  - __archspec=0=aarch64
environments:
  default:
    channels:
    - url: https://prefix.dev/conda-forge/
    packages:
      linux-64:
      - conda: https://prefix.dev/conda-forge/linux-64/_openmp_mutex-4.5-20_gnu.conda
      - conda: https://prefix.dev/conda-forge/linux-64/libgcc-15.2.0-he0feb66_19.conda
      - conda: https://prefix.dev/conda-forge/linux-64/libgomp-15.2.0-he0feb66_19.conda
      - conda_source: mise[a579dc1f] @ .
      linux-aarch64:
      - conda: https://prefix.dev/conda-forge/linux-aarch64/_openmp_mutex-4.5-20_gnu.conda
      - conda: https://prefix.dev/conda-forge/linux-aarch64/libgcc-15.2.0-h8acb6b2_19.conda
      - conda: https://prefix.dev/conda-forge/linux-aarch64/libgomp-15.2.0-h8acb6b2_19.conda
      - conda_source: mise[f8952bb9] @ .
packages:
- conda: https://prefix.dev/conda-forge/linux-64/_openmp_mutex-4.5-20_gnu.conda
  build_number: 20
  sha256: 1dd3fffd892081df9726d7eb7e0dea6198962ba775bd88842135a4ddb4deb3c9
  md5: a9f577daf3de00bca7c3c76c0ecbd1de
  depends:
  - __glibc >=2.17,<3.0.a0
  - libgomp >=7.5.0
  constrains:
  - openmp_impl <0.0a0
  license: BSD-3-Clause
  license_family: BSD
  run_exports:
    strong:
    - _openmp_mutex >=4.5
  size: 28948
  timestamp: 1770939786096
- conda: https://prefix.dev/conda-forge/linux-64/binutils_impl_linux-64-2.45.1-default_hfdba357_102.conda
  sha256: 0a7d405064f53b9d91d92515f1460f7906ee5e8523f3cd8973430e81219f4917
  md5: 8165352fdce2d2025bf884dc0ee85700
  depends:
  - ld_impl_linux-64 2.45.1 default_hbd61a6d_102
  - sysroot_linux-64
  - zstd >=1.5.7,<1.6.0a0
  license: GPL-3.0-only
  license_family: GPL
  run_exports: {}
  size: 3661455
  timestamp: 1774197460085
- conda: https://prefix.dev/conda-forge/linux-64/binutils_linux-64-2.45.1-default_h4852527_102.conda
  sha256: 78a58d523d072b7f8e591b8f8572822e044b31764ed7e8d170392e7bc6d58339
  md5: 2a307a17309d358c9b42afdd3199ddcc
  depends:
  - binutils_impl_linux-64 2.45.1 default_hfdba357_102
  license: GPL-3.0-only
  license_family: GPL
  run_exports: {}
  size: 36304
  timestamp: 1774197485247
- conda: https://prefix.dev/conda-forge/linux-64/gcc_impl_linux-64-15.2.0-ha6850e4_19.conda
  sha256: 2c0b2870210cfc7e8561676844f4bd3884b345c19100e1da84cbfb4994d8f104
  md5: 1c2eddf7501ef92050d3fbb11df61ee3
  depends:
  - binutils_impl_linux-64 >=2.45
  - libgcc >=15.2.0
  - libgcc-devel_linux-64 15.2.0 hcc6f6b0_119
  - libgomp >=15.2.0
  - libsanitizer 15.2.0 h90f66d4_19
  - libstdcxx >=15.2.0
  - libstdcxx-devel_linux-64 15.2.0 hd446a21_119
  - sysroot_linux-64
  license: GPL-3.0-only WITH GCC-exception-3.1
  license_family: GPL
  run_exports: {}
  size: 81043749
  timestamp: 1778860073982
- conda: https://prefix.dev/conda-forge/linux-64/gcc_linux-64-15.2.0-h7be306e_25.conda
  sha256: 3fbe01ebb16418d9f1971a283f969dc0f0e1071119f24164f4293057c79dc58c
  md5: 46ca2358101b2477cb098c4248795d12
  depends:
  - gcc_impl_linux-64 15.2.0.*
  - binutils_linux-64
  - sysroot_linux-64
  license: BSD-3-Clause
  license_family: BSD
  run_exports:
    strong:
    - libgcc >=15
  size: 29190
  timestamp: 1779371750402
- conda: https://prefix.dev/conda-forge/linux-64/ld_impl_linux-64-2.45.1-default_hbd61a6d_102.conda
  sha256: 3d584956604909ff5df353767f3a2a2f60e07d070b328d109f30ac40cd62df6c
  md5: 18335a698559cdbcd86150a48bf54ba6
  depends:
  - __glibc >=2.17,<3.0.a0
  - zstd >=1.5.7,<1.6.0a0
  constrains:
  - binutils_impl_linux-64 2.45.1
  license: GPL-3.0-only
  license_family: GPL
  run_exports: {}
  size: 728002
  timestamp: 1774197446916
- conda: https://prefix.dev/conda-forge/linux-64/libgcc-15.2.0-he0feb66_19.conda
  sha256: 8e0a3b5e41272e5678499b5dfc4cddb673f9e935de01eb0767ce857001229f46
  md5: 57736f29cc2b0ec0b6c2952d3f101b6a
  depends:
  - __glibc >=2.17,<3.0.a0
  - _openmp_mutex >=4.5
  constrains:
  - libgcc-ng ==15.2.0=*_19
  - libgomp 15.2.0 he0feb66_19
  license: GPL-3.0-only WITH GCC-exception-3.1
  license_family: GPL
  run_exports: {}
  size: 1041084
  timestamp: 1778269013026
- conda: https://prefix.dev/conda-forge/linux-64/libgomp-15.2.0-he0feb66_19.conda
  sha256: 5abe4ab9d93f6c9757d654f1969ae2267d4505315c1f2f8fe705fd60af084f1b
  md5: faac990cb7aedc7f3a2224f2c9b0c26c
  depends:
  - __glibc >=2.17,<3.0.a0
  license: GPL-3.0-only WITH GCC-exception-3.1
  license_family: GPL
  run_exports:
    strong:
    - _openmp_mutex >=4.5
  size: 603817
  timestamp: 1778268942614
- conda: https://prefix.dev/conda-forge/linux-64/libsanitizer-15.2.0-h90f66d4_19.conda
  sha256: 7a58892a52739ce4c0f7109de9e91b4353104748eb04fc6441d88e8af444ba99
  md5: 67eef12ce33f7ff99900c212d7076fc2
  depends:
  - __glibc >=2.17,<3.0.a0
  - libgcc >=15.2.0
  - libstdcxx >=15.2.0
  license: GPL-3.0-only WITH GCC-exception-3.1
  license_family: GPL
  run_exports:
    weak:
    - libsanitizer 15.2.0
  size: 7930689
  timestamp: 1778269054623
- conda: https://prefix.dev/conda-forge/linux-64/libstdcxx-15.2.0-h934c35e_19.conda
  sha256: dff1058c76ec6b8759e41cefa2508162d00e4a5e6721aa68ec3fd10094e702dc
  md5: 5794b3bdc38177caf969dabd3af08549
  depends:
  - __glibc >=2.17,<3.0.a0
  - libgcc 15.2.0 he0feb66_19
  constrains:
  - libstdcxx-ng ==15.2.0=*_19
  license: GPL-3.0-only WITH GCC-exception-3.1
  license_family: GPL
  run_exports: {}
  size: 5852044
  timestamp: 1778269036376
- conda: https://prefix.dev/conda-forge/linux-64/libzlib-1.3.2-h25fd6f3_2.conda
  sha256: 55044c403570f0dc26e6364de4dc5368e5f3fc7ff103e867c487e2b5ab2bcda9
  md5: d87ff7921124eccd67248aa483c23fec
  depends:
  - __glibc >=2.17,<3.0.a0
  constrains:
  - zlib 1.3.2 *_2
  license: Zlib
  license_family: Other
  run_exports:
    weak:
    - libzlib >=1.3.2,<2.0a0
  size: 63629
  timestamp: 1774072609062
- conda: https://prefix.dev/conda-forge/linux-64/rust-1.95.0-h53717f1_1.conda
  sha256: 0f7965acec00e5b35d7b4748ea0da57249ab3db2177d13eb87909c0a142148b5
  md5: 26172b61a3f03c31e56065413ffc1f2f
  depends:
  - __glibc >=2.17,<3.0.a0
  - gcc_impl_linux-64
  - libgcc >=14
  - libzlib >=1.3.2,<2.0a0
  - rust-std-x86_64-unknown-linux-gnu 1.95.0 h2c6d0dc_1
  - sysroot_linux-64 >=2.17
  license: MIT
  license_family: MIT
  run_exports:
    strong_constrains:
    - __glibc >=2.17
  size: 182907915
  timestamp: 1777536012536
- conda: https://prefix.dev/conda-forge/linux-64/rust_linux-64-1.95.0-hb4ea61c_1.conda
  sha256: 2a26be1c1814352e37daff075b166589bbe7a087a9bffa83212c2016a81f2aa3
  md5: 89800d6dac8bff3abbe804cdd5fb6bed
  depends:
  - gcc_linux-64
  - rust 1.95.0.*
  - rust-std-x86_64-unknown-linux-gnu 1.95.0.*
  - sysroot_linux-64 >=2.17
  license: BSD-3-Clause
  license_family: BSD
  run_exports:
    strong_constrains:
    - __glibc >=2.17
  size: 11526
  timestamp: 1778593566250
- conda: https://prefix.dev/conda-forge/linux-64/zstd-1.5.7-hb78ec9c_6.conda
  sha256: 68f0206ca6e98fea941e5717cec780ed2873ffabc0e1ed34428c061e2c6268c7
  md5: 4a13eeac0b5c8e5b8ab496e6c4ddd829
  depends:
  - __glibc >=2.17,<3.0.a0
  - libzlib >=1.3.1,<2.0a0
  license: BSD-3-Clause
  license_family: BSD
  run_exports:
    weak:
    - zstd >=1.5.7,<1.6.0a0
  size: 601375
  timestamp: 1764777111296
- conda: https://prefix.dev/conda-forge/linux-aarch64/_openmp_mutex-4.5-20_gnu.conda
  build_number: 20
  sha256: a2527b1d81792a0ccd2c05850960df119c2b6d8f5fdec97f2db7d25dc23b1068
  md5: 468fd3bb9e1f671d36c2cbc677e56f1d
  depends:
  - libgomp >=7.5.0
  constrains:
  - openmp_impl <0.0a0
  license: BSD-3-Clause
  license_family: BSD
  run_exports:
    strong:
    - _openmp_mutex >=4.5
  size: 28926
  timestamp: 1770939656741
- conda: https://prefix.dev/conda-forge/linux-aarch64/binutils_impl_linux-aarch64-2.45.1-default_h5f4c503_102.conda
  sha256: 7fd4ddde2f0150d015dfa9f2db5f428bd1570078f270e4bd4f116487a52de169
  md5: 56a04d796d7e3cdc9f8d2e1278e91bff
  depends:
  - ld_impl_linux-aarch64 2.45.1 default_h1979696_102
  - sysroot_linux-aarch64
  - zstd >=1.5.7,<1.6.0a0
  license: GPL-3.0-only
  license_family: GPL
  run_exports: {}
  size: 4683754
  timestamp: 1774197535605
- conda: https://prefix.dev/conda-forge/linux-aarch64/binutils_linux-aarch64-2.45.1-default_hf1166c9_102.conda
  sha256: ad076ff5f3d7734c48ea241a99c16336c278081a5f7a523329d0d5956723c481
  md5: 68d0661516aed9cab68d2ad6e287941f
  depends:
  - binutils_impl_linux-aarch64 2.45.1 default_h5f4c503_102
  license: GPL-3.0-only
  license_family: GPL
  run_exports: {}
  size: 36267
  timestamp: 1774197561368
- conda: https://prefix.dev/conda-forge/linux-aarch64/gcc_impl_linux-aarch64-15.2.0-h74e174c_19.conda
  sha256: 1939c6f91d5281ee95df88c5a3aaa4887b20aa681f7387c346170ebe3270da0f
  md5: 953452bf071280fa4e6c73c41de5210b
  depends:
  - binutils_impl_linux-aarch64 >=2.45
  - libgcc >=15.2.0
  - libgcc-devel_linux-aarch64 15.2.0 h55c397f_119
  - libgomp >=15.2.0
  - libsanitizer 15.2.0 he19c465_19
  - libstdcxx >=15.2.0
  - libstdcxx-devel_linux-aarch64 15.2.0 ha7b1723_119
  - sysroot_linux-aarch64
  license: GPL-3.0-only WITH GCC-exception-3.1
  license_family: GPL
  run_exports: {}
  size: 73693226
  timestamp: 1778860139481
- conda: https://prefix.dev/conda-forge/linux-aarch64/gcc_linux-aarch64-15.2.0-h0bf4bd8_25.conda
  sha256: 3959c6c15049c1a86bf60b155b65c2843e888024a19fca7b49300ee233a87e12
  md5: 86d74b60631ae83d3e812d907bb89101
  depends:
  - gcc_impl_linux-aarch64 15.2.0.*
  - binutils_linux-aarch64
  - sysroot_linux-aarch64
  license: BSD-3-Clause
  license_family: BSD
  run_exports:
    strong:
    - libgcc >=15
  size: 28934
  timestamp: 1779371716472
- conda: https://prefix.dev/conda-forge/linux-aarch64/ld_impl_linux-aarch64-2.45.1-default_h1979696_102.conda
  sha256: 7abd913d81a9bf00abb699e8987966baa2065f5132e37e815f92d90fc6bba530
  md5: a21644fc4a83da26452a718dc9468d5f
  depends:
  - zstd >=1.5.7,<1.6.0a0
  constrains:
  - binutils_impl_linux-aarch64 2.45.1
  license: GPL-3.0-only
  license_family: GPL
  run_exports: {}
  size: 875596
  timestamp: 1774197520746
- conda: https://prefix.dev/conda-forge/linux-aarch64/libgcc-15.2.0-h8acb6b2_19.conda
  sha256: 4592b096e553f67799ae70d4b6167eeda3ec74587d68c7aecbf4e7b1df136681
  md5: f35b3f52d0a2ec4ffe3c89ba135cdb9a
  depends:
  - _openmp_mutex >=4.5
  constrains:
  - libgomp 15.2.0 h8acb6b2_19
  - libgcc-ng ==15.2.0=*_19
  license: GPL-3.0-only WITH GCC-exception-3.1
  license_family: GPL
  run_exports: {}
  size: 622462
  timestamp: 1778268755949
- conda: https://prefix.dev/conda-forge/linux-aarch64/libgomp-15.2.0-h8acb6b2_19.conda
  sha256: 2370ef0ffcbae5bede3c4bf136add4abc257245eb91f724c99bb4a43116c5a83
  md5: c5e8a379c4a2ec2aea4ba22758c001d9
  license: GPL-3.0-only WITH GCC-exception-3.1
  license_family: GPL
  run_exports:
    strong:
    - _openmp_mutex >=4.5
  size: 587387
  timestamp: 1778268674393
- conda: https://prefix.dev/conda-forge/linux-aarch64/libsanitizer-15.2.0-he19c465_19.conda
  sha256: 8115604f113fe2b7be95b2d22183a4dda5779c1cc6db4b826af800581498b4b3
  md5: 95210a1edbd7fc6e12afc9f8276f450a
  depends:
  - libgcc >=15.2.0
  - libstdcxx >=15.2.0
  license: GPL-3.0-only WITH GCC-exception-3.1
  license_family: GPL
  run_exports:
    weak:
    - libsanitizer 15.2.0
  size: 7067965
  timestamp: 1778268796086
- conda: https://prefix.dev/conda-forge/linux-aarch64/libstdcxx-15.2.0-hef695bb_19.conda
  sha256: 1dadc45e599f510dd5f97141dddcdbb9844d9f1430c1f3a38075cf1c58f87b4e
  md5: 543fbc8d71f2a0baf04cf88ce96cb8bb
  depends:
  - libgcc 15.2.0 h8acb6b2_19
  constrains:
  - libstdcxx-ng ==15.2.0=*_19
  license: GPL-3.0-only WITH GCC-exception-3.1
  license_family: GPL
  run_exports: {}
  size: 5546559
  timestamp: 1778268777463
- conda: https://prefix.dev/conda-forge/linux-aarch64/libzlib-1.3.2-hdc9db2a_2.conda
  sha256: eb111e32e5a7313a5bf799c7fb2419051fa2fe7eff74769fac8d5a448b309f7f
  md5: 502006882cf5461adced436e410046d1
  constrains:
  - zlib 1.3.2 *_2
  license: Zlib
  license_family: Other
  run_exports:
    weak:
    - libzlib >=1.3.2,<2.0a0
  size: 69833
  timestamp: 1774072605429
- conda: https://prefix.dev/conda-forge/linux-aarch64/rust-1.95.0-h6cf38e9_1.conda
  sha256: 07fc7f5e0e7323bb3bdb33a155e93d6da1f98540fa8acfd229ba27328e036726
  md5: d3b365c484488476bbfcbcb8610f35bf
  depends:
  - gcc_impl_linux-aarch64
  - libgcc >=14
  - libzlib >=1.3.2,<2.0a0
  - rust-std-aarch64-unknown-linux-gnu 1.95.0 hbe8e118_1
  - sysroot_linux-aarch64 >=2.17
  license: MIT
  license_family: MIT
  run_exports:
    strong_constrains:
    - __glibc >=2.17
  size: 142750014
  timestamp: 1777536507521
- conda: https://prefix.dev/conda-forge/linux-aarch64/rust_linux-aarch64-1.95.0-hd7b9871_1.conda
  sha256: 15aba52722a27ce851e7618b1d8ea70f52df65f1e9cfae0dede7422e2d19b8ec
  md5: 7eaa25b515bfa78d8f63062dd47a1a33
  depends:
  - gcc_linux-aarch64
  - rust 1.95.0.*
  - rust-std-aarch64-unknown-linux-gnu 1.95.0.*
  - sysroot_linux-aarch64 >=2.17
  license: BSD-3-Clause
  license_family: BSD
  run_exports:
    strong_constrains:
    - __glibc >=2.17
  size: 11618
  timestamp: 1778593544338
- conda: https://prefix.dev/conda-forge/linux-aarch64/zstd-1.5.7-h85ac4a6_6.conda
  sha256: 569990cf12e46f9df540275146da567d9c618c1e9c7a0bc9d9cfefadaed20b75
  md5: c3655f82dcea2aa179b291e7099c1fcc
  depends:
  - libzlib >=1.3.1,<2.0a0
  license: BSD-3-Clause
  license_family: BSD
  run_exports:
    weak:
    - zstd >=1.5.7,<1.6.0a0
  size: 614429
  timestamp: 1764777145593
- conda: https://prefix.dev/conda-forge/noarch/kernel-headers_linux-64-4.18.0-he073ed8_9.conda
  sha256: 41557eeadf641de6aeae49486cef30d02a6912d8da98585d687894afd65b356a
  md5: 86d9cba083cd041bfbf242a01a7a1999
  constrains:
  - sysroot_linux-64 ==2.28
  license: LGPL-2.0-or-later AND LGPL-2.0-or-later WITH exceptions AND GPL-2.0-or-later
  license_family: GPL
  run_exports: {}
  size: 1278712
  timestamp: 1765578681495
- conda: https://prefix.dev/conda-forge/noarch/kernel-headers_linux-aarch64-4.18.0-h05a177a_9.conda
  sha256: 5d224bf4df9bac24e69de41897c53756108c5271a0e5d2d2f66fd4e2fbc1d84b
  md5: bb3b7cad9005f2cbf9d169fb30263f3e
  constrains:
  - sysroot_linux-aarch64 ==2.28
  license: LGPL-2.0-or-later AND LGPL-2.0-or-later WITH exceptions AND GPL-2.0-or-later
  license_family: GPL
  run_exports: {}
  size: 1248134
  timestamp: 1765578613607
- conda: https://prefix.dev/conda-forge/noarch/libgcc-devel_linux-64-15.2.0-hcc6f6b0_119.conda
  sha256: 38a557eba305468ac1f90ac85e50d8defd76141cb0b8a43b2fc1aca71dd5d5f2
  md5: 683fcb168e1df9a21fa80d5aa2d9330b
  depends:
  - __unix
  license: GPL-3.0-only WITH GCC-exception-3.1
  license_family: GPL
  run_exports: {}
  size: 3095909
  timestamp: 1778268932148
- conda: https://prefix.dev/conda-forge/noarch/libgcc-devel_linux-aarch64-15.2.0-h55c397f_119.conda
  sha256: fe600a63a39281e6994e27fe79360cd6bd8e576c3ce1af32ce8673b011f46c21
  md5: 18ad0f0b94071d91fa962a1bf3983a78
  depends:
  - __unix
  license: GPL-3.0-only WITH GCC-exception-3.1
  license_family: GPL
  run_exports: {}
  size: 2353893
  timestamp: 1778268665954
- conda: https://prefix.dev/conda-forge/noarch/libstdcxx-devel_linux-64-15.2.0-hd446a21_119.conda
  sha256: a2385f3611d5cd25378f9cf2367183320731709c067ddd08d43330d3170f15b8
  md5: bcfe7eae40158c3e355d2f9d3ed41230
  depends:
  - __unix
  license: GPL-3.0-only WITH GCC-exception-3.1
  license_family: GPL
  run_exports: {}
  size: 20765069
  timestamp: 1778268963689
- conda: https://prefix.dev/conda-forge/noarch/libstdcxx-devel_linux-aarch64-15.2.0-ha7b1723_119.conda
  sha256: 6f7ceee16070781b7d642a37a35ffdf09c66796d3df105c919526210ce220443
  md5: 61da34d67f58dd4cf16683f6cdcb06c8
  depends:
  - __unix
  license: GPL-3.0-only WITH GCC-exception-3.1
  license_family: GPL
  run_exports: {}
  size: 17627362
  timestamp: 1778268687968
- conda: https://prefix.dev/conda-forge/noarch/rust-std-aarch64-unknown-linux-gnu-1.95.0-hbe8e118_1.conda
  sha256: 81dfa70b439e7b8480bcf31d7e2bf1820d9b164f331c56affb04ca058c6d9060
  md5: c2eaad5636abc17f3eea0608674fc852
  depends:
  - __unix
  constrains:
  - rust >=1.95.0,<1.95.1.0a0
  license: MIT
  license_family: MIT
  run_exports: {}
  size: 34966255
  timestamp: 1777536074306
- conda: https://prefix.dev/conda-forge/noarch/rust-std-x86_64-unknown-linux-gnu-1.95.0-h2c6d0dc_1.conda
  sha256: 5d2e2b38a6d2a7653afc93706da04a5a14a6de9834cd34c0a2f4d7af619a3bc6
  md5: 835766243561e6c6f34b617b9eb89110
  depends:
  - __unix
  constrains:
  - rust >=1.95.0,<1.95.1.0a0
  license: MIT
  license_family: MIT
  run_exports: {}
  size: 36416714
  timestamp: 1777535938349
- conda: https://prefix.dev/conda-forge/noarch/sysroot_linux-64-2.28-h4ee821c_9.conda
  sha256: c47299fe37aebb0fcf674b3be588e67e4afb86225be4b0d452c7eb75c086b851
  md5: 13dc3adbc692664cd3beabd216434749
  depends:
  - __glibc >=2.28
  - kernel-headers_linux-64 4.18.0 he073ed8_9
  - tzdata
  license: LGPL-2.0-or-later AND LGPL-2.0-or-later WITH exceptions AND GPL-2.0-or-later
  license_family: GPL
  run_exports:
    strong:
    - __glibc >=2.28,<3.0.a0
  size: 24008591
  timestamp: 1765578833462
- conda: https://prefix.dev/conda-forge/noarch/sysroot_linux-aarch64-2.28-h585391f_9.conda
  sha256: 1bd2db6b2e451247bab103e4a0128cf6c7595dd72cb26d70f7fadd9edd1d1bc3
  md5: fdf07ab944a222ff28c754914fdb0740
  depends:
  - __glibc >=2.28
  - kernel-headers_linux-aarch64 4.18.0 h05a177a_9
  - tzdata
  license: LGPL-2.0-or-later AND LGPL-2.0-or-later WITH exceptions AND GPL-2.0-or-later
  license_family: GPL
  run_exports:
    strong:
    - __glibc >=2.28,<3.0.a0
  size: 23644746
  timestamp: 1765578629426
- conda: https://prefix.dev/conda-forge/noarch/tzdata-2025c-hc9c84f9_1.conda
  sha256: 1d30098909076af33a35017eed6f2953af1c769e273a0626a04722ac4acaba3c
  md5: ad659d0a2b3e47e38d829aa8cad2d610
  license: LicenseRef-Public-Domain
  run_exports: {}
  size: 119135
  timestamp: 1767016325805
- conda_source: mise[a579dc1f] @ .
  variants:
    c_stdlib: sysroot
    c_stdlib_version: '2.28'
    target_platform: linux-64
  depends:
  - libgcc >=15
  - __glibc >=2.28,<3.0.a0
  constrains:
  - __glibc >=2.17
  build_packages:
  - conda: https://prefix.dev/conda-forge/linux-64/_openmp_mutex-4.5-20_gnu.conda
  - conda: https://prefix.dev/conda-forge/linux-64/binutils_impl_linux-64-2.45.1-default_hfdba357_102.conda
  - conda: https://prefix.dev/conda-forge/linux-64/binutils_linux-64-2.45.1-default_h4852527_102.conda
  - conda: https://prefix.dev/conda-forge/linux-64/gcc_impl_linux-64-15.2.0-ha6850e4_19.conda
  - conda: https://prefix.dev/conda-forge/linux-64/gcc_linux-64-15.2.0-h7be306e_25.conda
  - conda: https://prefix.dev/conda-forge/linux-64/ld_impl_linux-64-2.45.1-default_hbd61a6d_102.conda
  - conda: https://prefix.dev/conda-forge/linux-64/libgcc-15.2.0-he0feb66_19.conda
  - conda: https://prefix.dev/conda-forge/linux-64/libgomp-15.2.0-he0feb66_19.conda
  - conda: https://prefix.dev/conda-forge/linux-64/libsanitizer-15.2.0-h90f66d4_19.conda
  - conda: https://prefix.dev/conda-forge/linux-64/libstdcxx-15.2.0-h934c35e_19.conda
  - conda: https://prefix.dev/conda-forge/linux-64/libzlib-1.3.2-h25fd6f3_2.conda
  - conda: https://prefix.dev/conda-forge/linux-64/rust-1.95.0-h53717f1_1.conda
  - conda: https://prefix.dev/conda-forge/linux-64/rust_linux-64-1.95.0-hb4ea61c_1.conda
  - conda: https://prefix.dev/conda-forge/linux-64/zstd-1.5.7-hb78ec9c_6.conda
  - conda: https://prefix.dev/conda-forge/noarch/kernel-headers_linux-64-4.18.0-he073ed8_9.conda
  - conda: https://prefix.dev/conda-forge/noarch/libgcc-devel_linux-64-15.2.0-hcc6f6b0_119.conda
  - conda: https://prefix.dev/conda-forge/noarch/libstdcxx-devel_linux-64-15.2.0-hd446a21_119.conda
  - conda: https://prefix.dev/conda-forge/noarch/rust-std-x86_64-unknown-linux-gnu-1.95.0-h2c6d0dc_1.conda
  - conda: https://prefix.dev/conda-forge/noarch/sysroot_linux-64-2.28-h4ee821c_9.conda
  - conda: https://prefix.dev/conda-forge/noarch/tzdata-2025c-hc9c84f9_1.conda
  host_packages:
  - conda: https://prefix.dev/conda-forge/linux-64/_openmp_mutex-4.5-20_gnu.conda
  - conda: https://prefix.dev/conda-forge/linux-64/libgcc-15.2.0-he0feb66_19.conda
  - conda: https://prefix.dev/conda-forge/linux-64/libgomp-15.2.0-he0feb66_19.conda
- conda_source: mise[f8952bb9] @ .
  variants:
    c_stdlib: sysroot
    c_stdlib_version: '2.28'
    target_platform: linux-aarch64
  depends:
  - libgcc >=15
  - __glibc >=2.28,<3.0.a0
  constrains:
  - __glibc >=2.17
  build_packages:
  - conda: https://prefix.dev/conda-forge/linux-aarch64/_openmp_mutex-4.5-20_gnu.conda
  - conda: https://prefix.dev/conda-forge/linux-aarch64/binutils_impl_linux-aarch64-2.45.1-default_h5f4c503_102.conda
  - conda: https://prefix.dev/conda-forge/linux-aarch64/binutils_linux-aarch64-2.45.1-default_hf1166c9_102.conda
  - conda: https://prefix.dev/conda-forge/linux-aarch64/gcc_impl_linux-aarch64-15.2.0-h74e174c_19.conda
  - conda: https://prefix.dev/conda-forge/linux-aarch64/gcc_linux-aarch64-15.2.0-h0bf4bd8_25.conda
  - conda: https://prefix.dev/conda-forge/linux-aarch64/ld_impl_linux-aarch64-2.45.1-default_h1979696_102.conda
  - conda: https://prefix.dev/conda-forge/linux-aarch64/libgcc-15.2.0-h8acb6b2_19.conda
  - conda: https://prefix.dev/conda-forge/linux-aarch64/libgomp-15.2.0-h8acb6b2_19.conda
  - conda: https://prefix.dev/conda-forge/linux-aarch64/libsanitizer-15.2.0-he19c465_19.conda
  - conda: https://prefix.dev/conda-forge/linux-aarch64/libstdcxx-15.2.0-hef695bb_19.conda
  - conda: https://prefix.dev/conda-forge/linux-aarch64/libzlib-1.3.2-hdc9db2a_2.conda
  - conda: https://prefix.dev/conda-forge/linux-aarch64/rust-1.95.0-h6cf38e9_1.conda
  - conda: https://prefix.dev/conda-forge/linux-aarch64/rust_linux-aarch64-1.95.0-hd7b9871_1.conda
  - conda: https://prefix.dev/conda-forge/linux-aarch64/zstd-1.5.7-h85ac4a6_6.conda
  - conda: https://prefix.dev/conda-forge/noarch/kernel-headers_linux-aarch64-4.18.0-h05a177a_9.conda
  - conda: https://prefix.dev/conda-forge/noarch/libgcc-devel_linux-aarch64-15.2.0-h55c397f_119.conda
  - conda: https://prefix.dev/conda-forge/noarch/libstdcxx-devel_linux-aarch64-15.2.0-ha7b1723_119.conda
  - conda: https://prefix.dev/conda-forge/noarch/rust-std-aarch64-unknown-linux-gnu-1.95.0-hbe8e118_1.conda
  - conda: https://prefix.dev/conda-forge/noarch/sysroot_linux-aarch64-2.28-h585391f_9.conda
  - conda: https://prefix.dev/conda-forge/noarch/tzdata-2025c-hc9c84f9_1.conda
  host_packages:
  - conda: https://prefix.dev/conda-forge/linux-aarch64/_openmp_mutex-4.5-20_gnu.conda
  - conda: https://prefix.dev/conda-forge/linux-aarch64/libgcc-15.2.0-h8acb6b2_19.conda
  - conda: https://prefix.dev/conda-forge/linux-aarch64/libgomp-15.2.0-h8acb6b2_19.conda
